
Microsoft Visual Studio Solution File, Format Version 12.00
# Visual Studio 15
VisualStudioVersion = 15.0.28307.539
MinimumVisualStudioVersion = 10.0.40219.1
Project("{8BC9CEB8-8B4A-11D0-8D11-00A0C91BC942}") = "Unordered_map", "Unordered_map\Unordered_map.vcxproj", "{1C4D011E-F7E5-4064-937A-5A78480E318C}"
EndProject
Global
	GlobalSection(SolutionConfigurationPlatforms) = preSolution
		Debug|x64 = Debug|x64
		Debug|x86 = Debug|x86
		Release|x64 = Release|x64
		Release|x86 = Release|x86
	EndGlobalSection
	GlobalSection(ProjectConfigurationPlatforms) = postSolution
		{1C4D011E-F7E5-4064-937A-5A78480E318C}.Debug|x64.ActiveCfg = Debug|x64
		{1C4D011E-F7E5-4064-937A-5A78480E318C}.Debug|x64.Build.0 = Debug|x64
		{1C4D011E-F7E5-4064-937A-5A78480E318C}.Debug|x86.ActiveCfg = Debug|Win32
		{1C4D011E-F7E5-4064-937A-5A78480E318C}.Debug|x86.Build.0 = Debug|Win32
		{1C4D011E-F7E5-4064-937A-5A78480E318C}.Release|x64.ActiveCfg = Release|x64
		{1C4D011E-F7E5-4064-937A-5A78480E318C}.Release|x64.Build.0 = Release|x64
		{1C4D011E-F7E5-4064-937A-5A78480E318C}.Release|x86.ActiveCfg = Release|Win32
		{1C4D011E-F7E5-4064-937A-5A78480E318C}.Release|x86.Build.0 = Release|Win32
	EndGlobalSection
	GlobalSection(SolutionProperties) = preSolution
		HideSolutionNode = FALSE
	EndGlobalSection
	GlobalSection(ExtensibilityGlobals) = postSolution
		SolutionGuid = {EAAC5A14-C314-4DE7-AF3A-4F3DE7697EE8}
	EndGlobalSection
EndGlobal
